
Microsoft Visual Studio Solution File, Format Version 12.00
# Visual Studio Version 17
VisualStudioVersion = 17.7.34009.444
MinimumVisualStudioVersion = 10.0.40219.1
Project("{FAE04EC0-301F-11D3-BF4B-00C04F79EFBC}") = "HelloWorld_", "HelloWorld_\HelloWorld_.csproj", "{152D6791-7531-4823-AC8B-FCD6EB010344}"
EndProject
Global
	GlobalSection(SolutionConfigurationPlatforms) = preSolution
		Debug|Any CPU = Debug|Any CPU
		Release|Any CPU = Release|Any CPU
	EndGlobalSection
	GlobalSection(ProjectConfigurationPlatforms) = postSolution
		{152D6791-7531-4823-AC8B-FCD6EB010344}.Debug|Any CPU.ActiveCfg = Debug|Any CPU
		{152D6791-7531-4823-AC8B-FCD6EB010344}.Debug|Any CPU.Build.0 = Debug|Any CPU
		{152D6791-7531-4823-AC8B-FCD6EB010344}.Release|Any CPU.ActiveCfg = Release|Any CPU
		{152D6791-7531-4823-AC8B-FCD6EB010344}.Release|Any CPU.Build.0 = Release|Any CPU
	EndGlobalSection
	GlobalSection(SolutionProperties) = preSolution
		HideSolutionNode = FALSE
	EndGlobalSection
	GlobalSection(ExtensibilityGlobals) = postSolution
		SolutionGuid = {0A7D3B50-52A1-4746-A13F-B2FF0988709A}
	EndGlobalSection
EndGlobal
